dependencies:
  express: 4.18.2
devDependencies:
  '@types/express': 4.17.17
  '@types/node': 18.15.3
lockfileVersion: 5.2
packages:
  /@types/body-parser/1.19.2:
    dependencies:
      '@types/connect': 3.4.35
      '@types/node': 18.15.3
    dev: true
    resolution:
      integrity: sha512-ALYone6pm6QmwZoAgeyNksccT9Q4AWZQ6PvfwR37GT6r6FWUPguq6sUmNGSMV2Wr761oQoBxwGGa6DR5o1DC9g==
      tarball: '@types%2fbody-parser/-/body-parser-1.19.2.tgz?rbtorrent=8f3af1ffa7b004be0b63966c947753180088871d'
  /@types/connect/3.4.35:
    dependencies:
      '@types/node': 18.15.3
    dev: true
    resolution:
      integrity: sha512-cdeYyv4KWoEgpBISTxWvqYsVy444DOqehiF3fM3ne10AmJ62RSyNkUnxMJXHQWRQQX2eR94m5y1IZyDwBjV9FQ==
      tarball: '@types%2fconnect/-/connect-3.4.35.tgz?rbtorrent=41f297a94a07f5dbdc2120fbb54271f8488a4910'
  /@types/express-serve-static-core/4.17.33:
    dependencies:
      '@types/node': 18.15.3
      '@types/qs': 6.9.7
      '@types/range-parser': 1.2.4
    dev: true
    resolution:
      integrity: sha512-TPBqmR/HRYI3eC2E5hmiivIzv+bidAfXofM+sbonAGvyDhySGw9/PQZFt2BLOrjUUR++4eJVpx6KnLQK1Fk9tA==
      tarball: '@types%2fexpress-serve-static-core/-/express-serve-static-core-4.17.33.tgz?rbtorrent=d76d16ad0f127a41ece3840bc42f5ad31a107e02'
  /@types/express/4.17.17:
    dependencies:
      '@types/body-parser': 1.19.2
      '@types/express-serve-static-core': 4.17.33
      '@types/qs': 6.9.7
      '@types/serve-static': 1.15.1
    dev: true
    resolution:
      integrity: sha512-Q4FmmuLGBG58btUnfS1c1r/NQdlp3DMfGDGig8WhfpA2YRUtEkxAjkZb0yvplJGYdF1fsQ81iMDcH24sSCNC/Q==
      tarball: '@types%2fexpress/-/express-4.17.17.tgz?rbtorrent=e0599ebd5ba7ea2b78e21dba71539a4202d06560'
  /@types/mime/3.0.1:
    dev: true
    resolution:
      integrity: sha512-Y4XFY5VJAuw0FgAqPNd6NNoV44jbq9Bz2L7Rh/J6jLTiHBSBJa9fxqQIvkIld4GsoDOcCbvzOUAbLPsSKKg+uA==
      tarball: '@types%2fmime/-/mime-3.0.1.tgz?rbtorrent=32eb6fbb5177fcaaea4d4c1b92dd6b6e155cf228'
  /@types/node/18.15.3:
    dev: true
    resolution:
      integrity: sha512-p6ua9zBxz5otCmbpb5D3U4B5Nanw6Pk3PPyX05xnxbB/fRv71N7CPmORg7uAD5P70T0xmx1pzAx/FUfa5X+3cw==
      tarball: '@types%2fnode/-/node-18.15.3.tgz?rbtorrent=00b928b859f40abb57e4f0b774a4fa21fcbf86de'
  /@types/qs/6.9.7:
    dev: true
    resolution:
      integrity: sha512-FGa1F62FT09qcrueBA6qYTrJPVDzah9a+493+o2PCXsesWHIn27G98TsSMs3WPNbZIEj4+VJf6saSFpvD+3Zsw==
      tarball: '@types%2fqs/-/qs-6.9.7.tgz?rbtorrent=f8012f8d49a7823498feaf664ad4309bd2c2a907'
  /@types/range-parser/1.2.4:
    dev: true
    resolution:
      integrity: sha512-EEhsLsD6UsDM1yFhAvy0Cjr6VwmpMWqFBCb9w07wVugF7w9nfajxLuVmngTIpgS6svCnm6Vaw+MZhoDCKnOfsw==
      tarball: '@types%2frange-parser/-/range-parser-1.2.4.tgz?rbtorrent=526f6d0f8a50cb97485c09721970620ffcfd6ecc'
  /@types/serve-static/1.15.1:
    dependencies:
      '@types/mime': 3.0.1
      '@types/node': 18.15.3
    dev: true
    resolution:
      integrity: sha512-NUo5XNiAdULrJENtJXZZ3fHtfMolzZwczzBbnAeBbqBwG+LaG6YaJtuwzwGSQZ2wsCrxjEhNNjAkKigy3n8teQ==
      tarball: '@types%2fserve-static/-/serve-static-1.15.1.tgz?rbtorrent=a7ffe628c8190ef3bc4d0b1472a79172ac349b89'
  /accepts/1.3.8:
    dependencies:
      mime-types: 2.1.35
      negotiator: 0.6.3
    dev: false
    engines:
      node: '>= 0.6'
    resolution:
      integrity: sha512-PYAthTa2m2VKxuvSD3DPC/Gy+U+sOA1LAuT8mkmRuvw+NACSaeXEQ+NHcVF7rONl6qcaxV3Uuemwawk+7+SJLw==
      tarball: accepts/-/accepts-1.3.8.tgz?rbtorrent=9392f41e7a931c44517cb9c4bce29c0893bf0221
  /array-flatten/1.1.1:
    dev: false
    resolution:
      integrity: sha1-ml9pkFGx5wczKPKgCJaLZOopVdI=
      tarball: array-flatten/-/array-flatten-1.1.1.tgz?rbtorrent=eefceecfb896133878572a9e86dd3b5e5a8500f2
  /body-parser/1.20.1:
    dependencies:
      bytes: 3.1.2
      content-type: 1.0.5
      debug: 2.6.9
      depd: 2.0.0
      destroy: 1.2.0
      http-errors: 2.0.0
      iconv-lite: 0.4.24
      on-finished: 2.4.1
      qs: 6.11.0
      raw-body: 2.5.1
      type-is: 1.6.18
      unpipe: 1.0.0
    dev: false
    engines:
      node: '>= 0.8'
      npm: 1.2.8000 || >= 1.4.16
    resolution:
      integrity: sha512-jWi7abTbYwajOytWCQc37VulmWiRae5RyTpaCyDcS5/lMdtwSz5lOpDE67srw/HYe35f1z3fDQw+3txg7gNtWw==
      tarball: body-parser/-/body-parser-1.20.1.tgz?rbtorrent=6cfd2b5a00d18fc083f4ac509f75c7f6eb69c5f6
  /bytes/3.1.2:
    dev: false
    engines:
      node: '>= 0.8'
    resolution:
      integrity: sha512-/Nf7TyzTx6S3yRJObOAV7956r8cr2+Oj8AC5dt8wSP3BQAoeX58NoHyCU8P8zGkNXStjTSi6fzO6F0pBdcYbEg==
      tarball: bytes/-/bytes-3.1.2.tgz?rbtorrent=ddea92658fe4ad0060298ba85e14cea6f4fa4a1b
  /call-bind/1.0.2:
    dependencies:
      function-bind: 1.1.1
      get-intrinsic: 1.2.0
    dev: false
    resolution:
      integrity: sha512-7O+FbCihrB5WGbFYesctwmTKae6rOiIzmz1icreWJ+0aA7LJfuqhEso2T9ncpcFtzMQtzXf2QGGueWJGTYsqrA==
      tarball: call-bind/-/call-bind-1.0.2.tgz?rbtorrent=bf4cea46709b648e685ef85dce0de57799706b71
  /content-disposition/0.5.4:
    dependencies:
      safe-buffer: 5.2.1
    dev: false
    engines:
      node: '>= 0.6'
    resolution:
      integrity: sha512-FveZTNuGw04cxlAiWbzi6zTAL/lhehaWbTtgluJh4/E95DqMwTmha3KZN1aAWA8cFIhHzMZUvLevkw5Rqk+tSQ==
      tarball: content-disposition/-/content-disposition-0.5.4.tgz?rbtorrent=315591899d08a4618297be6d996e7fdb8392e138
  /content-type/1.0.5:
    dev: false
    engines:
      node: '>= 0.6'
    resolution:
      integrity: sha512-nTjqfcBFEipKdXCv4YDQWCfmcLZKm81ldF0pAopTvyrFGVbcR6P/VAAd5G7N+0tTr8QqiU0tFadD6FK4NtJwOA==
      tarball: content-type/-/content-type-1.0.5.tgz?rbtorrent=f556e07c837ef7d53f4835dba6b69a0e1dacae22
  /cookie-signature/1.0.6:
    dev: false
    resolution:
      integrity: sha1-4wOogrNCzD7oylE6eZmXNNqzriw=
      tarball: cookie-signature/-/cookie-signature-1.0.6.tgz?rbtorrent=55c823568c26e12f27877518a27e19fec8779a71
  /cookie/0.5.0:
    dev: false
    engines:
      node: '>= 0.6'
    resolution:
      integrity: sha512-YZ3GUyn/o8gfKJlnlX7g7xq4gyO6OSuhGPKaaGssGB2qgDUS0gPgtTvoyZLTt9Ab6dC4hfc9dV5arkvc/OCmrw==
      tarball: cookie/-/cookie-0.5.0.tgz?rbtorrent=9ea7f36cc236f7fc6ada36df16835e3e44933e41
  /debug/2.6.9:
    dependencies:
      ms: 2.0.0
    dev: false
    resolution:
      integrity: sha512-bC7ElrdJaJnPbAP+1EotYvqZsb3ecl5wi6Bfi6BJTUcNowp6cvspg0jXznRTKDjm/E7AdgFBVeAPVMNcKGsHMA==
      tarball: debug/-/debug-2.6.9.tgz?rbtorrent=b02284ec84efd1aee23ff49704863922a0155cb1
  /depd/2.0.0:
    dev: false
    engines:
      node: '>= 0.8'
    resolution:
      integrity: sha512-g7nH6P6dyDioJogAAGprGpCtVImJhpPk/roCzdb3fIh61/s/nPsfR6onyMwkCAR/OlC3yBC0lESvUoQEAssIrw==
      tarball: depd/-/depd-2.0.0.tgz?rbtorrent=3d4658af3ff6b387cafddbf392c741a82c7f76e0
  /destroy/1.2.0:
    dev: false
    engines:
      node: '>= 0.8'
      npm: 1.2.8000 || >= 1.4.16
    resolution:
      integrity: sha512-2sJGJTaXIIaR1w4iJSNoN0hnMY7Gpc/n8D4qSCJw8QqFWXf7cuAgnEHxBpweaVcPevC2l3KpjYCx3NypQQgaJg==
      tarball: destroy/-/destroy-1.2.0.tgz?rbtorrent=5e2313f4c22911936287ddc65b3b345afc51f3e0
  /ee-first/1.1.1:
    dev: false
    resolution:
      integrity: sha1-WQxhFWsK4vTwJVcyoViyZrxWsh0=
      tarball: ee-first/-/ee-first-1.1.1.tgz?rbtorrent=b33e875b5c9b99376469b3d4fc2448b418091933
  /encodeurl/1.0.2:
    dev: false
    engines:
      node: '>= 0.8'
    resolution:
      integrity: sha1-rT/0yG7C0CkyL1oCw6mmBslbP1k=
      tarball: encodeurl/-/encodeurl-1.0.2.tgz?rbtorrent=2ee1d518c4b14b1d485befc7a1100de1702f4015
  /escape-html/1.0.3:
    dev: false
    resolution:
      integrity: sha1-Aljq5NPQwJdN4cFpGI7wBR0dGYg=
      tarball: escape-html/-/escape-html-1.0.3.tgz?rbtorrent=3eff6d8634dc1ec132c806f38441e2118d1a2964
  /etag/1.8.1:
    dev: false
    engines:
      node: '>= 0.6'
    resolution:
      integrity: sha1-Qa4u62XvpiJorr/qg6x9eSmbCIc=
      tarball: etag/-/etag-1.8.1.tgz?rbtorrent=2f3ff4ae5ba58604fad50c32ca223b29bd8561a6
  /express/4.18.2:
    dependencies:
      accepts: 1.3.8
      array-flatten: 1.1.1
      body-parser: 1.20.1
      content-disposition: 0.5.4
      content-type: 1.0.5
      cookie: 0.5.0
      cookie-signature: 1.0.6
      debug: 2.6.9
      depd: 2.0.0
      encodeurl: 1.0.2
      escape-html: 1.0.3
      etag: 1.8.1
      finalhandler: 1.2.0
      fresh: 0.5.2
      http-errors: 2.0.0
      merge-descriptors: 1.0.1
      methods: 1.1.2
      on-finished: 2.4.1
      parseurl: 1.3.3
      path-to-regexp: 0.1.7
      proxy-addr: 2.0.7
      qs: 6.11.0
      range-parser: 1.2.1
      safe-buffer: 5.2.1
      send: 0.18.0
      serve-static: 1.15.0
      setprototypeof: 1.2.0
      statuses: 2.0.1
      type-is: 1.6.18
      utils-merge: 1.0.1
      vary: 1.1.2
    dev: false
    engines:
      node: '>= 0.10.0'
    resolution:
      integrity: sha512-5/PsL6iGPdfQ/lKM1UuielYgv3BUoJfz1aUwU9vHZ+J7gyvwdQXFEBIEIaxeGf0GIcreATNyBExtalisDbuMqQ==
      tarball: express/-/express-4.18.2.tgz?rbtorrent=d618e7dfbe73d2847a078326e32238446cda20f0
  /finalhandler/1.2.0:
    dependencies:
      debug: 2.6.9
      encodeurl: 1.0.2
      escape-html: 1.0.3
      on-finished: 2.4.1
      parseurl: 1.3.3
      statuses: 2.0.1
      unpipe: 1.0.0
    dev: false
    engines:
      node: '>= 0.8'
    resolution:
      integrity: sha512-5uXcUVftlQMFnWC9qu/svkWv3GTd2PfUhK/3PLkYNAe7FbqJMt3515HaxE6eRL74GdsriiwujiawdaB1BpEISg==
      tarball: finalhandler/-/finalhandler-1.2.0.tgz?rbtorrent=6303940efe6958183ef21a122ae3d1c5625e9aea
  /forwarded/0.2.0:
    dev: false
    engines:
      node: '>= 0.6'
    resolution:
      integrity: sha512-buRG0fpBtRHSTCOASe6hD258tEubFoRLb4ZNA6NxMVHNw2gOcwHo9wyablzMzOA5z9xA9L1KNjk/Nt6MT9aYow==
      tarball: forwarded/-/forwarded-0.2.0.tgz?rbtorrent=aa99adefc655551b3a910c3330f84e0ba95ab389
  /fresh/0.5.2:
    dev: false
    engines:
      node: '>= 0.6'
    resolution:
      integrity: sha1-PYyt2Q2XZWn6g1qx+OSyOhBWBac=
      tarball: fresh/-/fresh-0.5.2.tgz?rbtorrent=77477f1b23ed690a472992b3218a06a2c06907f6
  /function-bind/1.1.1:
    dev: false
    resolution:
      integrity: sha512-yIovAzMX49sF8Yl58fSCWJ5svSLuaibPxXQJFLmBObTuCr0Mf1KiPopGM9NiFjiYBCbfaa2Fh6breQ6ANVTI0A==
      tarball: function-bind/-/function-bind-1.1.1.tgz?rbtorrent=d51f2cedcc9135cfa47aebbdfa468ef8e567f9c1
  /get-intrinsic/1.2.0:
    dependencies:
      function-bind: 1.1.1
      has: 1.0.3
      has-symbols: 1.0.3
    dev: false
    resolution:
      integrity: sha512-L049y6nFOuom5wGyRc3/gdTLO94dySVKRACj1RmJZBQXlbTMhtNIgkWkUHq+jYmZvKf14EW1EoJnnjbmoHij0Q==
      tarball: get-intrinsic/-/get-intrinsic-1.2.0.tgz?rbtorrent=524fe0e054e0c5c2d26d59c7eded673153cff353
  /has-symbols/1.0.3:
    dev: false
    engines:
      node: '>= 0.4'
    resolution:
      integrity: sha512-l3LCuF6MgDNwTDKkdYGEihYjt5pRPbEg46rtlmnSPlUbgmB8LOIrKJbYYFBSbnPaJexMKtiPO8hmeRjRz2Td+A==
      tarball: has-symbols/-/has-symbols-1.0.3.tgz?rbtorrent=14a1a3262fe08d2bd4de531380bca7d8c83866fd
  /has/1.0.3:
    dependencies:
      function-bind: 1.1.1
    dev: false
    engines:
      node: '>= 0.4.0'
    resolution:
      integrity: sha512-f2dvO0VU6Oej7RkWJGrehjbzMAjFp5/VKPp5tTpWIV4JHHZK1/BxbFRtf/siA2SWTe09caDmVtYYzWEIbBS4zw==
      tarball: has/-/has-1.0.3.tgz?rbtorrent=07557f1735ac1eb7a38a879047ad0dddf0187bdb
  /http-errors/2.0.0:
    dependencies:
      depd: 2.0.0
      inherits: 2.0.4
      setprototypeof: 1.2.0
      statuses: 2.0.1
      toidentifier: 1.0.1
    dev: false
    engines:
      node: '>= 0.8'
    resolution:
      integrity: sha512-FtwrG/euBzaEjYeRqOgly7G0qviiXoJWnvEH2Z1plBdXgbyjv34pHTSb9zoeHMyDy33+DWy5Wt9Wo+TURtOYSQ==
      tarball: http-errors/-/http-errors-2.0.0.tgz?rbtorrent=1853a70f7cc99a2e4d1ee38b7b666ca87007c339
  /iconv-lite/0.4.24:
    dependencies:
      safer-buffer: 2.1.2
    dev: false
    engines:
      node: '>=0.10.0'
    resolution:
      integrity: sha512-v3MXnZAcvnywkTUEZomIActle7RXXeedOR31wwl7VlyoXO4Qi9arvSenNQWne1TcRwhCL1HwLI21bEqdpj8/rA==
      tarball: iconv-lite/-/iconv-lite-0.4.24.tgz?rbtorrent=2ec00ef967690f177de91a2f3365b5c843bf8f3e
  /inherits/2.0.4:
    dev: false
    resolution:
      integrity: sha512-k/vGaX4/Yla3WzyMCvTQOXYeIHvqOKtnqBduzTHpzpQZzAskKMhZ2K+EnBiSM9zGSoIFeMpXKxa4dYeZIQqewQ==
      tarball: inherits/-/inherits-2.0.4.tgz?rbtorrent=6d3c5e553faab1c5a0e5657d5f75d80d275fddbe
  /ipaddr.js/1.9.1:
    dev: false
    engines:
      node: '>= 0.10'
    resolution:
      integrity: sha512-0KI/607xoxSToH7GjN1FfSbLoU0+btTicjsQSWQlh/hZykN8KpmMf7uYwPW3R+akZ6R/w18ZlXSHBYXiYUPO3g==
      tarball: ipaddr.js/-/ipaddr.js-1.9.1.tgz?rbtorrent=d8bc541cf956f870b225ecf9f62f233f6431d4e4
  /media-typer/0.3.0:
    dev: false
    engines:
      node: '>= 0.6'
    resolution:
      integrity: sha1-hxDXrwqmJvj/+hzgAWhUUmMlV0g=
      tarball: media-typer/-/media-typer-0.3.0.tgz?rbtorrent=9b7ee58e7e88a03f8f10c81220d0de520b216f82
  /merge-descriptors/1.0.1:
    dev: false
    resolution:
      integrity: sha1-sAqqVW3YtEVoFQ7J0blT8/kMu2E=
      tarball: merge-descriptors/-/merge-descriptors-1.0.1.tgz?rbtorrent=f663b5e1b0d1627ac9e616f3c5b7dda56f9156a6
  /methods/1.1.2:
    dev: false
    engines:
      node: '>= 0.6'
    resolution:
      integrity: sha1-VSmk1nZUE07cxSZmVoNbD4Ua/O4=
      tarball: methods/-/methods-1.1.2.tgz?rbtorrent=d24a15e2ab3b2bb67bae70d2244d434c93695b3d
  /mime-db/1.52.0:
    dev: false
    engines:
      node: '>= 0.6'
    resolution:
      integrity: sha512-sPU4uV7dYlvtWJxwwxHD0PuihVNiE7TyAbQ5SWxDCB9mUYvOgroQOwYQQOKPJ8CIbE+1ETVlOoK1UC2nU3gYvg==
      tarball: mime-db/-/mime-db-1.52.0.tgz?rbtorrent=f0ba116ae2c9608848de6e13c43654e0d7f6480e
  /mime-types/2.1.35:
    dependencies:
      mime-db: 1.52.0
    dev: false
    engines:
      node: '>= 0.6'
    resolution:
      integrity: sha512-ZDY+bPm5zTTF+YpCrAU9nK0UgICYPT0QtT1NZWFv4s++TNkcgVaT0g6+4R2uI4MjQjzysHB1zxuWL50hzaeXiw==
      tarball: mime-types/-/mime-types-2.1.35.tgz?rbtorrent=ebb7fcd8ade244558e3f7816c257f2cc22da38ab
  /mime/1.6.0:
    dev: false
    engines:
      node: '>=4'
    hasBin: true
    resolution:
      integrity: sha512-x0Vn8spI+wuJ1O6S7gnbaQg8Pxh4NNHb7KSINmEWKiPE4RKOplvijn+NkmYmmRgP68mc70j2EbeTFRsrswaQeg==
      tarball: mime/-/mime-1.6.0.tgz?rbtorrent=2e4f9e69f07040a5800dfea8e3d043e637d69b02
  /ms/2.0.0:
    dev: false
    resolution:
      integrity: sha1-VgiurfwAvmwpAd9fmGF4jeDVl8g=
      tarball: ms/-/ms-2.0.0.tgz?rbtorrent=b9c1399c483ed1bf4d9fff8735579b86c77001f8
  /ms/2.1.3:
    dev: false
    resolution:
      integrity: sha512-6FlzubTLZG3J2a/NVCAleEhjzq5oxgHyaCU9yYXvcLsvoVaHJq/s5xXI6/XXP6tz7R9xAOtHnSO/tXtF3WRTlA==
      tarball: ms/-/ms-2.1.3.tgz?rbtorrent=c0db1b8d3743f39d06054864041516e9b7ac9a4c
  /negotiator/0.6.3:
    dev: false
    engines:
      node: '>= 0.6'
    resolution:
      integrity: sha512-+EUsqGPLsM+j/zdChZjsnX51g4XrHFOIXwfnCVPGlQk/k5giakcKsuxCObBRu6DSm9opw/O6slWbJdghQM4bBg==
      tarball: negotiator/-/negotiator-0.6.3.tgz?rbtorrent=ae67b4fa1586d4a4cac06daf71713d481bc6c45f
  /object-inspect/1.12.3:
    dev: false
    resolution:
      integrity: sha512-geUvdk7c+eizMNUDkRpW1wJwgfOiOeHbxBR/hLXK1aT6zmVSO0jsQcs7fj6MGw89jC/cjGfLcNOrtMYtGqm81g==
      tarball: object-inspect/-/object-inspect-1.12.3.tgz?rbtorrent=393086fdd26494b1bee7ef537586f8256399522d
  /on-finished/2.4.1:
    dependencies:
      ee-first: 1.1.1
    dev: false
    engines:
      node: '>= 0.8'
    resolution:
      integrity: sha512-oVlzkg3ENAhCk2zdv7IJwd/QUD4z2RxRwpkcGY8psCVcCYZNq4wYnVWALHM+brtuJjePWiYF/ClmuDr8Ch5+kg==
      tarball: on-finished/-/on-finished-2.4.1.tgz?rbtorrent=1be00ab6be77c7d1e37b7ed6b27ad37b13f34a60
  /parseurl/1.3.3:
    dev: false
    engines:
      node: '>= 0.8'
    resolution:
      integrity: sha512-CiyeOxFT/JZyN5m0z9PfXw4SCBJ6Sygz1Dpl0wqjlhDEGGBP1GnsUVEL0p63hoG1fcj3fHynXi9NYO4nWOL+qQ==
      tarball: parseurl/-/parseurl-1.3.3.tgz?rbtorrent=74e53669c6396757fbc109ac7301a45910bbde3b
  /path-to-regexp/0.1.7:
    dev: false
    resolution:
      integrity: sha1-32BBeABfUi8V60SQ5yR6G/qmf4w=
      tarball: path-to-regexp/-/path-to-regexp-0.1.7.tgz?rbtorrent=6c268849b3cab559f2728004e075dee4b386472b
  /proxy-addr/2.0.7:
    dependencies:
      forwarded: 0.2.0
      ipaddr.js: 1.9.1
    dev: false
    engines:
      node: '>= 0.10'
    resolution:
      integrity: sha512-llQsMLSUDUPT44jdrU/O37qlnifitDP+ZwrmmZcoSKyLKvtZxpyV0n2/bD/N4tBAAZ/gJEdZU7KMraoK1+XYAg==
      tarball: proxy-addr/-/proxy-addr-2.0.7.tgz?rbtorrent=6c64bc6ff1aff5df16de0f1fbfdb7018fd308903
  /qs/6.11.0:
    dependencies:
      side-channel: 1.0.4
    dev: false
    engines:
      node: '>=0.6'
    resolution:
      integrity: sha512-MvjoMCJwEarSbUYk5O+nmoSzSutSsTwF85zcHPQ9OrlFoZOYIjaqBAJIqIXjptyD5vThxGq52Xu/MaJzRkIk4Q==
      tarball: qs/-/qs-6.11.0.tgz?rbtorrent=59dfa8d4b97217765a673f44e9bae5b6078a6bee
  /range-parser/1.2.1:
    dev: false
    engines:
      node: '>= 0.6'
    resolution:
      integrity: sha512-Hrgsx+orqoygnmhFbKaHE6c296J+HTAQXoxEF6gNupROmmGJRoyzfG3ccAveqCBrwr/2yxQ5BVd/GTl5agOwSg==
      tarball: range-parser/-/range-parser-1.2.1.tgz?rbtorrent=ff745a9bc988d28205171cc44081bb83f3efdbfc
  /raw-body/2.5.1:
    dependencies:
      bytes: 3.1.2
      http-errors: 2.0.0
      iconv-lite: 0.4.24
      unpipe: 1.0.0
    dev: false
    engines:
      node: '>= 0.8'
    resolution:
      integrity: sha512-qqJBtEyVgS0ZmPGdCFPWJ3FreoqvG4MVQln/kCgF7Olq95IbOp0/BWyMwbdtn4VTvkM8Y7khCQ2Xgk/tcrCXig==
      tarball: raw-body/-/raw-body-2.5.1.tgz?rbtorrent=6d89ab211889314117058ea34dbeb5f640b2aee2
  /safe-buffer/5.2.1:
    dev: false
    resolution:
      integrity: sha512-rp3So07KcdmmKbGvgaNxQSJr7bGVSVk5S9Eq1F+ppbRo70+YeaDxkw5Dd8NPN+GD6bjnYm2VuPuCXmpuYvmCXQ==
      tarball: safe-buffer/-/safe-buffer-5.2.1.tgz?rbtorrent=e3149b0255bb4dc4e498c9b879904dfcfa607eba
  /safer-buffer/2.1.2:
    dev: false
    resolution:
      integrity: sha512-YZo3K82SD7Riyi0E1EQPojLz7kpepnSQI9IyPbHHg1XXXevb5dJI7tpyN2ADxGcQbHG7vcyRHk0cbwqcQriUtg==
      tarball: safer-buffer/-/safer-buffer-2.1.2.tgz?rbtorrent=8450e1c808c8ca9ac90ac8d77f2637cca2522d93
  /send/0.18.0:
    dependencies:
      debug: 2.6.9
      depd: 2.0.0
      destroy: 1.2.0
      encodeurl: 1.0.2
      escape-html: 1.0.3
      etag: 1.8.1
      fresh: 0.5.2
      http-errors: 2.0.0
      mime: 1.6.0
      ms: 2.1.3
      on-finished: 2.4.1
      range-parser: 1.2.1
      statuses: 2.0.1
    dev: false
    engines:
      node: '>= 0.8.0'
    resolution:
      integrity: sha512-qqWzuOjSFOuqPjFe4NOsMLafToQQwBSOEpS+FwEt3A2V3vKubTquT3vmLTQpFgMXp8AlFWFuP1qKaJZOtPpVXg==
      tarball: send/-/send-0.18.0.tgz?rbtorrent=d6783b1314800d10542743aa7136c4725ce2271c
  /serve-static/1.15.0:
    dependencies:
      encodeurl: 1.0.2
      escape-html: 1.0.3
      parseurl: 1.3.3
      send: 0.18.0
    dev: false
    engines:
      node: '>= 0.8.0'
    resolution:
      integrity: sha512-XGuRDNjXUijsUL0vl6nSD7cwURuzEgglbOaFuZM9g3kwDXOWVTck0jLzjPzGD+TazWbboZYu52/9/XPdUgne9g==
      tarball: serve-static/-/serve-static-1.15.0.tgz?rbtorrent=0bbb6fadef404c6d8dc466ac3d7d9dc502d6169c
  /setprototypeof/1.2.0:
    dev: false
    resolution:
      integrity: sha512-E5LDX7Wrp85Kil5bhZv46j8jOeboKq5JMmYM3gVGdGH8xFpPWXUMsNrlODCrkoxMEeNi/XZIwuRvY4XNwYMJpw==
      tarball: setprototypeof/-/setprototypeof-1.2.0.tgz?rbtorrent=639214bef3d5c2047ec9150a2c6982dc65fef215
  /side-channel/1.0.4:
    dependencies:
      call-bind: 1.0.2
      get-intrinsic: 1.2.0
      object-inspect: 1.12.3
    dev: false
    resolution:
      integrity: sha512-q5XPytqFEIKHkGdiMIrY10mvLRvnQh42/+GoBlFW3b2LXLE2xxJpZFdm94we0BaoV3RwJyGqg5wS7epxTv0Zvw==
      tarball: side-channel/-/side-channel-1.0.4.tgz?rbtorrent=4f570c2c2f9648a39ea45ba03c58c9f92831d724
  /statuses/2.0.1:
    dev: false
    engines:
      node: '>= 0.8'
    resolution:
      integrity: sha512-RwNA9Z/7PrK06rYLIzFMlaF+l73iwpzsqRIFgbMLbTcLD6cOao82TaWefPXQvB2fOC4AjuYSEndS7N/mTCbkdQ==
      tarball: statuses/-/statuses-2.0.1.tgz?rbtorrent=ece2fe4b2f6c9cb99b2c75dc3491ad47d6ed6fa2
  /toidentifier/1.0.1:
    dev: false
    engines:
      node: '>=0.6'
    resolution:
      integrity: sha512-o5sSPKEkg/DIQNmH43V0/uerLrpzVedkUh8tGNvaeXpfpuwjKenlSox/2O/BTlZUtEe+JG7s5YhEz608PlAHRA==
      tarball: toidentifier/-/toidentifier-1.0.1.tgz?rbtorrent=9f32d166d5476ef5bc672790eadb9a23aad1dbf9
  /type-is/1.6.18:
    dependencies:
      media-typer: 0.3.0
      mime-types: 2.1.35
    dev: false
    engines:
      node: '>= 0.6'
    resolution:
      integrity: sha512-TkRKr9sUTxEH8MdfuCSP7VizJyzRNMjj2J2do2Jr3Kym598JVdEksuzPQCnlFPW4ky9Q+iA+ma9BGm06XQBy8g==
      tarball: type-is/-/type-is-1.6.18.tgz?rbtorrent=38f82e5ad1ec85b7be95c74b669214119903c229
  /unpipe/1.0.0:
    dev: false
    engines:
      node: '>= 0.8'
    resolution:
      integrity: sha1-sr9O6FFKrmFltIF4KdIbLvSZBOw=
      tarball: unpipe/-/unpipe-1.0.0.tgz?rbtorrent=db35d7e949011b32e4923cd85a989fa998b0c852
  /utils-merge/1.0.1:
    dev: false
    engines:
      node: '>= 0.4.0'
    resolution:
      integrity: sha1-n5VxD1CiZ5R7LMwSR0HBAoQn5xM=
      tarball: utils-merge/-/utils-merge-1.0.1.tgz?rbtorrent=faf6dd3c1b1134732f4eefafe0ef8dae1593efcf
  /vary/1.1.2:
    dev: false
    engines:
      node: '>= 0.8'
    resolution:
      integrity: sha1-IpnwLG3tMNSllhsLn3RSShj2NPw=
      tarball: vary/-/vary-1.1.2.tgz?rbtorrent=5dbad8130c2f93496058551a924516e73c1155d4
specifiers:
  '@types/express': ^4.17.17
  '@types/node': ^18.15.3
  express: ^4.18.2
